Microsoft Visual Studio Solution File, Format Version 12.00
# Visual Studio Version 17
VisualStudioVersion = 17.5.2.0
MinimumVisualStudioVersion = 10.0.40219.1
Project("{FAE04EC0-301F-11D3-BF4B-00C04F79EFBC}") = "BookTrackerAPI", "backend\BookTrackerAPI.csproj", "{38656E70-6B1F-9D83-AE13-B13174B60DCB}"
EndProject
Global
	GlobalSection(SolutionConfigurationPlatforms) = preSolution
		Debug|Any CPU = Debug|Any CPU
		Release|Any CPU = Release|Any CPU
	EndGlobalSection
	GlobalSection(ProjectConfigurationPlatforms) = postSolution
		{38656E70-6B1F-9D83-AE13-B13174B60DCB}.Debug|Any CPU.ActiveCfg = Debug|Any CPU
		{38656E70-6B1F-9D83-AE13-B13174B60DCB}.Debug|Any CPU.Build.0 = Debug|Any CPU
		{38656E70-6B1F-9D83-AE13-B13174B60DCB}.Release|Any CPU.ActiveCfg = Release|Any CPU
		{38656E70-6B1F-9D83-AE13-B13174B60DCB}.Release|Any CPU.Build.0 = Release|Any CPU
	EndGlobalSection
	GlobalSection(SolutionProperties) = preSolution
		HideSolutionNode = FALSE
	EndGlobalSection
	GlobalSection(ExtensibilityGlobals) = postSolution
		SolutionGuid = {50A2E601-6A21-43D4-B553-812BBEA8C6D7}
	EndGlobalSection
EndGlobal
