
Microsoft Visual Studio Solution File, Format Version 12.00
# Visual Studio Version 17
VisualStudioVersion = 17.5.2.0
MinimumVisualStudioVersion = 10.0.40219.1
Project("{FAE04EC0-301F-11D3-BF4B-00C04F79EFBC}") = "BookTracker", "BookTracker\BookTracker.csproj", "{40452900-AEC3-126F-EDFA-61DCB52D49C0}"
EndProject
Project("{FAE04EC0-301F-11D3-BF4B-00C04F79EFBC}") = "BookTracker.Tests", "BookTracker.Tests\BookTracker.Tests.csproj", "{645360DD-1E32-4CE9-996D-7FF308171C87}"
EndProject
Global
	GlobalSection(SolutionConfigurationPlatforms) = preSolution
		Debug|Any CPU = Debug|Any CPU
		Debug|x64 = Debug|x64
		Debug|x86 = Debug|x86
		Release|Any CPU = Release|Any CPU
		Release|x64 = Release|x64
		Release|x86 = Release|x86
	EndGlobalSection
	GlobalSection(ProjectConfigurationPlatforms) = postSolution
		{40452900-AEC3-126F-EDFA-61DCB52D49C0}.Debug|Any CPU.ActiveCfg = Debug|Any CPU
		{40452900-AEC3-126F-EDFA-61DCB52D49C0}.Debug|Any CPU.Build.0 = Debug|Any CPU
		{40452900-AEC3-126F-EDFA-61DCB52D49C0}.Debug|x64.ActiveCfg = Debug|Any CPU
		{40452900-AEC3-126F-EDFA-61DCB52D49C0}.Debug|x64.Build.0 = Debug|Any CPU
		{40452900-AEC3-126F-EDFA-61DCB52D49C0}.Debug|x86.ActiveCfg = Debug|Any CPU
		{40452900-AEC3-126F-EDFA-61DCB52D49C0}.Debug|x86.Build.0 = Debug|Any CPU
		{40452900-AEC3-126F-EDFA-61DCB52D49C0}.Release|Any CPU.ActiveCfg = Release|Any CPU
		{40452900-AEC3-126F-EDFA-61DCB52D49C0}.Release|Any CPU.Build.0 = Release|Any CPU
		{40452900-AEC3-126F-EDFA-61DCB52D49C0}.Release|x64.ActiveCfg = Release|Any CPU
		{40452900-AEC3-126F-EDFA-61DCB52D49C0}.Release|x64.Build.0 = Release|Any CPU
		{40452900-AEC3-126F-EDFA-61DCB52D49C0}.Release|x86.ActiveCfg = Release|Any CPU
		{40452900-AEC3-126F-EDFA-61DCB52D49C0}.Release|x86.Build.0 = Release|Any CPU
		{645360DD-1E32-4CE9-996D-7FF308171C87}.Debug|Any CPU.ActiveCfg = Debug|Any CPU
		{645360DD-1E32-4CE9-996D-7FF308171C87}.Debug|Any CPU.Build.0 = Debug|Any CPU
		{645360DD-1E32-4CE9-996D-7FF308171C87}.Debug|x64.ActiveCfg = Debug|Any CPU
		{645360DD-1E32-4CE9-996D-7FF308171C87}.Debug|x64.Build.0 = Debug|Any CPU
		{645360DD-1E32-4CE9-996D-7FF308171C87}.Debug|x86.ActiveCfg = Debug|Any CPU
		{645360DD-1E32-4CE9-996D-7FF308171C87}.Debug|x86.Build.0 = Debug|Any CPU
		{645360DD-1E32-4CE9-996D-7FF308171C87}.Release|Any CPU.ActiveCfg = Release|Any CPU
		{645360DD-1E32-4CE9-996D-7FF308171C87}.Release|Any CPU.Build.0 = Release|Any CPU
		{645360DD-1E32-4CE9-996D-7FF308171C87}.Release|x64.ActiveCfg = Release|Any CPU
		{645360DD-1E32-4CE9-996D-7FF308171C87}.Release|x64.Build.0 = Release|Any CPU
		{645360DD-1E32-4CE9-996D-7FF308171C87}.Release|x86.ActiveCfg = Release|Any CPU
		{645360DD-1E32-4CE9-996D-7FF308171C87}.Release|x86.Build.0 = Release|Any CPU
	EndGlobalSection
	GlobalSection(SolutionProperties) = preSolution
		HideSolutionNode = FALSE
	EndGlobalSection
	GlobalSection(ExtensibilityGlobals) = postSolution
		SolutionGuid = {4FDB957D-F5DD-4993-8FD8-69727A9A1082}
	EndGlobalSection
EndGlobal
